
Microsoft Visual Studio Solution File, Format Version 12.00
# Visual Studio Version 16
VisualStudioVersion = 16.0.30907.101
MinimumVisualStudioVersion = 10.0.40219.1
Project("{FAE04EC0-301F-11D3-BF4B-00C04F79EFBC}") = "Harjoitus 2", "Harjoitus 2\Harjoitus 2.csproj", "{1B100109-035E-4D8B-BDFF-1F87AE0C016E}"
EndProject
Global
	GlobalSection(SolutionConfigurationPlatforms) = preSolution
		Debug|Any CPU = Debug|Any CPU
		Release|Any CPU = Release|Any CPU
	EndGlobalSection
	GlobalSection(ProjectConfigurationPlatforms) = postSolution
		{1B100109-035E-4D8B-BDFF-1F87AE0C016E}.Debug|Any CPU.ActiveCfg = Debug|Any CPU
		{1B100109-035E-4D8B-BDFF-1F87AE0C016E}.Debug|Any CPU.Build.0 = Debug|Any CPU
		{1B100109-035E-4D8B-BDFF-1F87AE0C016E}.Release|Any CPU.ActiveCfg = Release|Any CPU
		{1B100109-035E-4D8B-BDFF-1F87AE0C016E}.Release|Any CPU.Build.0 = Release|Any CPU
	EndGlobalSection
	GlobalSection(SolutionProperties) = preSolution
		HideSolutionNode = FALSE
	EndGlobalSection
	GlobalSection(ExtensibilityGlobals) = postSolution
		SolutionGuid = {216F5250-BFF7-4715-9CEE-866A8B178076}
	EndGlobalSection
EndGlobal
