
Microsoft Visual Studio Solution File, Format Version 12.00
# Visual Studio Version 16
VisualStudioVersion = 16.0.29920.165
MinimumVisualStudioVersion = 10.0.40219.1
Project("{FAE04EC0-301F-11D3-BF4B-00C04F79EFBC}") = "harjotus1", "harjotus1\harjotus1.csproj", "{6210F658-C4D3-45AC-A66F-AD40C9CA9E8E}"
EndProject
Global
	GlobalSection(SolutionConfigurationPlatforms) = preSolution
		Debug|Any CPU = Debug|Any CPU
		Release|Any CPU = Release|Any CPU
	EndGlobalSection
	GlobalSection(ProjectConfigurationPlatforms) = postSolution
		{6210F658-C4D3-45AC-A66F-AD40C9CA9E8E}.Debug|Any CPU.ActiveCfg = Debug|Any CPU
		{6210F658-C4D3-45AC-A66F-AD40C9CA9E8E}.Debug|Any CPU.Build.0 = Debug|Any CPU
		{6210F658-C4D3-45AC-A66F-AD40C9CA9E8E}.Release|Any CPU.ActiveCfg = Release|Any CPU
		{6210F658-C4D3-45AC-A66F-AD40C9CA9E8E}.Release|Any CPU.Build.0 = Release|Any CPU
	EndGlobalSection
	GlobalSection(SolutionProperties) = preSolution
		HideSolutionNode = FALSE
	EndGlobalSection
	GlobalSection(ExtensibilityGlobals) = postSolution
		SolutionGuid = {15051C50-18E1-47C3-97CF-EA4EB08E6F6B}
	EndGlobalSection
EndGlobal
