
Microsoft Visual Studio Solution File, Format Version 12.00
# Visual Studio Version 16
VisualStudioVersion = 16.0.29920.165
MinimumVisualStudioVersion = 10.0.40219.1
Project("{FAE04EC0-301F-11D3-BF4B-00C04F79EFBC}") = "Iän laskeminen", "Iän laskeminen\Iän laskeminen.csproj", "{2026CDB9-84F8-46ED-B703-0EE8498809B0}"
EndProject
Global
	GlobalSection(SolutionConfigurationPlatforms) = preSolution
		Debug|Any CPU = Debug|Any CPU
		Release|Any CPU = Release|Any CPU
	EndGlobalSection
	GlobalSection(ProjectConfigurationPlatforms) = postSolution
		{2026CDB9-84F8-46ED-B703-0EE8498809B0}.Debug|Any CPU.ActiveCfg = Debug|Any CPU
		{2026CDB9-84F8-46ED-B703-0EE8498809B0}.Debug|Any CPU.Build.0 = Debug|Any CPU
		{2026CDB9-84F8-46ED-B703-0EE8498809B0}.Release|Any CPU.ActiveCfg = Release|Any CPU
		{2026CDB9-84F8-46ED-B703-0EE8498809B0}.Release|Any CPU.Build.0 = Release|Any CPU
	EndGlobalSection
	GlobalSection(SolutionProperties) = preSolution
		HideSolutionNode = FALSE
	EndGlobalSection
	GlobalSection(ExtensibilityGlobals) = postSolution
		SolutionGuid = {57DBEE9F-2256-4949-B809-4154B4BB778F}
	EndGlobalSection
EndGlobal
