
Microsoft Visual Studio Solution File, Format Version 12.00
# Visual Studio Version 16
VisualStudioVersion = 16.0.29920.165
MinimumVisualStudioVersion = 10.0.40219.1
Project("{FAE04EC0-301F-11D3-BF4B-00C04F79EFBC}") = "Laskin", "Laskin\Laskin.csproj", "{494CACEB-94C1-434B-9F32-D6B89D2C567B}"
EndProject
Global
	GlobalSection(SolutionConfigurationPlatforms) = preSolution
		Debug|Any CPU = Debug|Any CPU
		Release|Any CPU = Release|Any CPU
	EndGlobalSection
	GlobalSection(ProjectConfigurationPlatforms) = postSolution
		{494CACEB-94C1-434B-9F32-D6B89D2C567B}.Debug|Any CPU.ActiveCfg = Debug|Any CPU
		{494CACEB-94C1-434B-9F32-D6B89D2C567B}.Debug|Any CPU.Build.0 = Debug|Any CPU
		{494CACEB-94C1-434B-9F32-D6B89D2C567B}.Release|Any CPU.ActiveCfg = Release|Any CPU
		{494CACEB-94C1-434B-9F32-D6B89D2C567B}.Release|Any CPU.Build.0 = Release|Any CPU
	EndGlobalSection
	GlobalSection(SolutionProperties) = preSolution
		HideSolutionNode = FALSE
	EndGlobalSection
	GlobalSection(ExtensibilityGlobals) = postSolution
		SolutionGuid = {3FB0962E-151D-4747-B9A0-5971B19DAF6E}
	EndGlobalSection
EndGlobal
